
Microsoft Visual Studio Solution File, Format Version 12.00
# Visual Studio Version 17
VisualStudioVersion = 17.0.31903.59
MinimumVisualStudioVersion = 10.0.40219.1
Project("{9A19103F-16F7-4668-BE54-9A1E7A4F7556}") = "Patterns.Structural", "Patterns.Structural\Patterns.Structural.csproj", "{B2E631D7-5EBA-4B7B-A12E-7DDB0BCC13D9}"
EndProject
Project("{9A19103F-16F7-4668-BE54-9A1E7A4F7556}") = "Patterns.Structural.Tests", "Patterns.Structural.Tests\Patterns.Structural.Tests.csproj", "{90C4D018-9A81-4702-8C27-95F3939ADDD3}"
EndProject
Global
	GlobalSection(SolutionConfigurationPlatforms) = preSolution
		Debug|Any CPU = Debug|Any CPU
		Release|Any CPU = Release|Any CPU
	EndGlobalSection
	GlobalSection(ProjectConfigurationPlatforms) = postSolution
		{B2E631D7-5EBA-4B7B-A12E-7DDB0BCC13D9}.Debug|Any CPU.ActiveCfg = Debug|Any CPU
		{B2E631D7-5EBA-4B7B-A12E-7DDB0BCC13D9}.Debug|Any CPU.Build.0 = Debug|Any CPU
		{B2E631D7-5EBA-4B7B-A12E-7DDB0BCC13D9}.Release|Any CPU.ActiveCfg = Release|Any CPU
		{B2E631D7-5EBA-4B7B-A12E-7DDB0BCC13D9}.Release|Any CPU.Build.0 = Release|Any CPU
		{90C4D018-9A81-4702-8C27-95F3939ADDD3}.Debug|Any CPU.ActiveCfg = Debug|Any CPU
		{90C4D018-9A81-4702-8C27-95F3939ADDD3}.Debug|Any CPU.Build.0 = Debug|Any CPU
		{90C4D018-9A81-4702-8C27-95F3939ADDD3}.Release|Any CPU.ActiveCfg = Release|Any CPU
		{90C4D018-9A81-4702-8C27-95F3939ADDD3}.Release|Any CPU.Build.0 = Release|Any CPU
	EndGlobalSection
	GlobalSection(SolutionProperties) = preSolution
		HideSolutionNode = FALSE
	EndGlobalSection
	GlobalSection(ExtensibilityGlobals) = postSolution
		SolutionGuid = {72D3FA93-CA6D-43AE-AA63-5E46B9C66A8B}
	EndGlobalSection
EndGlobal
